
Microsoft Visual Studio Solution File, Format Version 12.00
# Visual Studio Version 17
VisualStudioVersion = 17.4.33213.308
MinimumVisualStudioVersion = 10.0.40219.1
Project("{9A19103F-16F7-4668-BE54-9A1E7A4F7556}") = "MyTodo", "MyTodo.csproj", "{F1A0580B-4560-4B8C-ABBE-F855C0E1D722}"
EndProject
Global
	GlobalSection(SolutionConfigurationPlatforms) = preSolution
		Debug|Any CPU = Debug|Any CPU
		Release|Any CPU = Release|Any CPU
	EndGlobalSection
	GlobalSection(ProjectConfigurationPlatforms) = postSolution
		{F1A0580B-4560-4B8C-ABBE-F855C0E1D722}.Debug|Any CPU.ActiveCfg = Debug|Any CPU
		{F1A0580B-4560-4B8C-ABBE-F855C0E1D722}.Debug|Any CPU.Build.0 = Debug|Any CPU
		{F1A0580B-4560-4B8C-ABBE-F855C0E1D722}.Release|Any CPU.ActiveCfg = Release|Any CPU
		{F1A0580B-4560-4B8C-ABBE-F855C0E1D722}.Release|Any CPU.Build.0 = Release|Any CPU
	EndGlobalSection
	GlobalSection(SolutionProperties) = preSolution
		HideSolutionNode = FALSE
	EndGlobalSection
	GlobalSection(ExtensibilityGlobals) = postSolution
		SolutionGuid = {B2B277F7-58A0-4BC9-B45F-410D51BEB13F}
	EndGlobalSection
EndGlobal
